// !$*UTF8*$!
{
	archiveVersion = 1;
	classes = {
	};
	objectVersion = 50;
	objects = {

/* Begin PBXBuildFile section */
		A2417A472176CDFF00521FF3 /* AppDelegate.swift in Sources */ = {isa = PBXBuildFile; fileRef = A2417A462176CDFF00521FF3 /* AppDelegate.swift */; };
		A2417A4C2176CDFF00521FF3 /* Main.storyboard in Resources */ = {isa = PBXBuildFile; fileRef = A2417A4A2176CDFF00521FF3 /* Main.storyboard */; };
		A2417A4E2176CE0100521FF3 /* Assets.xcassets in Resources */ = {isa = PBXBuildFile; fileRef = A2417A4D2176CE0100521FF3 /* Assets.xcassets */; };
		A2417A512176CE0100521FF3 /* LaunchScreen.storyboard in Resources */ = {isa = PBXBuildFile; fileRef = A2417A4F2176CE0100521FF3 /* LaunchScreen.storyboard */; };
		A2417A5B2176D18D00521FF3 /* color array.swift in Sources */ = {isa = PBXBuildFile; fileRef = A2417A5A2176D18D00521FF3 /* color array.swift */; };
		A2C3493D21878B98006FAB44 /* ColorTableViewController.swift in Sources */ = {isa = PBXBuildFile; fileRef = A2C3493C21878B98006FAB44 /* ColorTableViewController.swift */; };
		A2C3493F21878E0E006FAB44 /* ColorViewController.swift in Sources */ = {isa = PBXBuildFile; fileRef = A2C3493E21878E0E006FAB44 /* ColorViewController.swift */; };
/* End PBXBuildFile section */

/* Begin PBXFileReference section */
		A2417A432176CDFF00521FF3 /* Colors Navigation.app */ = {isa = PBXFileReference; explicitFileType = wrapper.application; includeInIndex = 0; path = "Colors Navigation.app"; sourceTree = BUILT_PRODUCTS_DIR; };
		A2417A462176CDFF00521FF3 /* AppDelegate.swift */ = {isa = PBXFileReference; lastKnownFileType = sourcecode.swift; path = AppDelegate.swift; sourceTree = "<group>"; };
		A2417A4B2176CDFF00521FF3 /* Base */ = {isa = PBXFileReference; lastKnownFileType = file.storyboard; name = Base; path = Base.lproj/Main.storyboard; sourceTree = "<group>"; };
		A2417A4D2176CE0100521FF3 /* Assets.xcassets */ = {isa = PBXFileReference; lastKnownFileType = folder.assetcatalog; path = Assets.xcassets; sourceTree = "<group>"; };
		A2417A502176CE0100521FF3 /* Base */ = {isa = PBXFileReference; lastKnownFileType = file.storyboard; name = Base; path = Base.lproj/LaunchScreen.storyboard; sourceTree = "<group>"; };
		A2417A522176CE0100521FF3 /* Info.plist */ = {isa = PBXFileReference; lastKnownFileType = text.plist.xml; path = Info.plist; sourceTree = "<group>"; };
		A2417A5A2176D18D00521FF3 /* color array.swift */ = {isa = PBXFileReference; lastKnownFileType = sourcecode.swift; path = "color array.swift"; sourceTree = "<group>"; };
		A2C3493C21878B98006FAB44 /* ColorTableViewController.swift */ = {isa = PBXFileReference; lastKnownFileType = sourcecode.swift; path = ColorTableViewController.swift; sourceTree = "<group>"; };
		A2C3493E21878E0E006FAB44 /* ColorViewController.swift */ = {isa = PBXFileReference; lastKnownFileType = sourcecode.swift; path = ColorViewController.swift; sourceTree = "<group>"; };
/* End PBXFileReference section */

/* Begin PBXFrameworksBuildPhase section */
		A2417A402176CDFF00521FF3 /* Frameworks */ = {
			isa = PBXFrameworksBuildPhase;
			buildActionMask = 2147483647;
			files = (
			);
			runOnlyForDeploymentPostprocessing = 0;
		};
/* End PBXFrameworksBuildPhase section */

/* Begin PBXGroup section */
		A2417A3A2176CDFF00521FF3 = {
			isa = PBXGroup;
			children = (
				A2417A452176CDFF00521FF3 /* Colors Navigation */,
				A2417A442176CDFF00521FF3 /* Products */,
			);
			sourceTree = "<group>";
		};
		A2417A442176CDFF00521FF3 /* Products */ = {
			isa = PBXGroup;
			children = (
				A2417A432176CDFF00521FF3 /* Colors Navigation.app */,
			);
			name = Products;
			sourceTree = "<group>";
		};
		A2417A452176CDFF00521FF3 /* Colors Navigation */ = {
			isa = PBXGroup;
			children = (
				A2417A462176CDFF00521FF3 /* AppDelegate.swift */,
				A2C3493C21878B98006FAB44 /* ColorTableViewController.swift */,
				A2417A4A2176CDFF00521FF3 /* Main.storyboard */,
				A2C3493E21878E0E006FAB44 /* ColorViewController.swift */,
				A2417A4D2176CE0100521FF3 /* Assets.xcassets */,
				A2417A4F2176CE0100521FF3 /* LaunchScreen.storyboard */,
				A2417A5A2176D18D00521FF3 /* color array.swift */,
				A2417A522176CE0100521FF3 /* Info.plist */,
			);
			path = "Colors Navigation";
			sourceTree = "<group>";
		};
/* End PBXGroup section */

/* Begin PBXNativeTarget section */
		A2417A422176CDFF00521FF3 /* Colors Navigation */ = {
			isa = PBXNativeTarget;
			buildConfigurationList = A2417A552176CE0100521FF3 /* Build configuration list for PBXNativeTarget "Colors Navigation" */;
			buildPhases = (
				A2417A3F2176CDFF00521FF3 /* Sources */,
				A2417A402176CDFF00521FF3 /* Frameworks */,
				A2417A412176CDFF00521FF3 /* Resources */,
			);
			buildRules = (
			);
			dependencies = (
			);
			name = "Colors Navigation";
			productName = "Colors Navigation";
			productReference = A2417A432176CDFF00521FF3 /* Colors Navigation.app */;
			productType = "com.apple.product-type.application";
		};
/* End PBXNativeTarget section */

/* Begin PBXProject section */
		A2417A3B2176CDFF00521FF3 /* Project object */ = {
			isa = PBXProject;
			attributes = {
				LastSwiftUpdateCheck = 1000;
				LastUpgradeCheck = 1000;
				ORGANIZATIONNAME = "Tech innovator";
				TargetAttributes = {
					A2417A422176CDFF00521FF3 = {
						CreatedOnToolsVersion = 10.0;
					};
				};
			};
			buildConfigurationList = A2417A3E2176CDFF00521FF3 /* Build configuration list for PBXProject "Colors Navigation" */;
			compatibilityVersion = "Xcode 9.3";
			developmentRegion = en;
			hasScannedForEncodings = 0;
			knownRegions = (
				en,
				Base,
			);
			mainGroup = A2417A3A2176CDFF00521FF3;
			productRefGroup = A2417A442176CDFF00521FF3 /* Products */;
			projectDirPath = "";
			projectRoot = "";
			targets = (
				A2417A422176CDFF00521FF3 /* Colors Navigation */,
			);
		};
/* End PBXProject section */

/* Begin PBXResourcesBuildPhase section */
		A2417A412176CDFF00521FF3 /* Resources */ = {
			isa = PBXResourcesBuildPhase;
			buildActionMask = 2147483647;
			files = (
				A2417A512176CE0100521FF3 /* LaunchScreen.storyboard in Resources */,
				A2417A4E2176CE0100521FF3 /* Assets.xcassets in Resources */,
				A2417A4C2176CDFF00521FF3 /* Main.storyboard in Resources */,
			);
			runOnlyForDeploymentPostprocessing = 0;
		};
/* End PBXResourcesBuildPhase section */

/* Begin PBXSourcesBuildPhase section */
		A2417A3F2176CDFF00521FF3 /* Sources */ = {
			isa = PBXSourcesBuildPhase;
			buildActionMask = 2147483647;
			files = (
				A2417A472176CDFF00521FF3 /* AppDelegate.swift in Sources */,
				A2417A5B2176D18D00521FF3 /* color array.swift in Sources */,
				A2C3493F21878E0E006FAB44 /* ColorViewController.swift in Sources */,
				A2C3493D21878B98006FAB44 /* ColorTableViewController.swift in Sources */,
			);
			runOnlyForDeploymentPostprocessing = 0;
		};
/* End PBXSourcesBuildPhase section */

/* Begin PBXVariantGroup section */
		A2417A4A2176CDFF00521FF3 /* Main.storyboard */ = {
			isa = PBXVariantGroup;
			children = (
				A2417A4B2176CDFF00521FF3 /* Base */,
			);
			name = Main.storyboard;
			sourceTree = "<group>";
		};
		A2417A4F2176CE0100521FF3 /* LaunchScreen.storyboard */ = {
			isa = PBXVariantGroup;
			children = (
				A2417A502176CE0100521FF3 /* Base */,
			);
			name = LaunchScreen.storyboard;
			sourceTree = "<group>";
		};
/* End PBXVariantGroup section */

/* Begin XCBuildConfiguration section */
		A2417A532176CE0100521FF3 /* Debug */ = {
			isa = XCBuildConfiguration;
			buildSettings = {
				ALWAYS_SEARCH_USER_PATHS = NO;
				CLANG_ANALYZER_NONNULL = YES;
				CLANG_ANALYZER_NUMBER_OBJECT_CONVERSION = YES_AGGRESSIVE;
				CLANG_CXX_LANGUAGE_STANDARD = "gnu++14";
				CLANG_CXX_LIBRARY = "libc++";
				CLANG_ENABLE_MODULES = YES;
				CLANG_ENABLE_OBJC_ARC = YES;
				CLANG_ENABLE_OBJC_WEAK = YES;
				CLANG_WARN_BLOCK_CAPTURE_AUTORELEASING = YES;
				CLANG_WARN_BOOL_CONVERSION = YES;
				CLANG_WARN_COMMA = YES;
				CLANG_WARN_CONSTANT_CONVERSION = YES;
				CLANG_WARN_DEPRECATED_OBJC_IMPLEMENTATIONS = YES;
				CLANG_WARN_DIRECT_OBJC_ISA_USAGE = YES_ERROR;
				CLANG_WARN_DOCUMENTATION_COMMENTS = YES;
				CLANG_WARN_EMPTY_BODY = YES;
				CLANG_WARN_ENUM_CONVERSION = YES;
				CLANG_WARN_INFINITE_RECURSION = YES;
				CLANG_WARN_INT_CONVERSION = YES;
				CLANG_WARN_NON_LITERAL_NULL_CONVERSION = YES;
				CLANG_WARN_OBJC_IMPLICIT_RETAIN_SELF = YES;
				CLANG_WARN_OBJC_LITERAL_CONVERSION = YES;
				CLANG_WARN_OBJC_ROOT_CLASS = YES_ERROR;
				CLANG_WARN_RANGE_LOOP_ANALYSIS = YES;
				CLANG_WARN_STRICT_PROTOTYPES = YES;
				CLANG_WARN_SUSPICIOUS_MOVE = YES;
				CLANG_WARN_UNGUARDED_AVAILABILITY = YES_AGGRESSIVE;
				CLANG_WARN_UNREACHABLE_CODE = YES;
				CLANG_WARN__DUPLICATE_METHOD_MATCH = YES;
				CODE_SIGN_IDENTITY = "iPhone Developer";
				COPY_PHASE_STRIP = NO;
				DEBUG_INFORMATION_FORMAT = dwarf;
				ENABLE_STRICT_OBJC_MSGSEND = YES;
				ENABLE_TESTABILITY = YES;
				GCC_C_LANGUAGE_STANDARD = gnu11;
				GCC_DYNAMIC_NO_PIC = NO;
				GCC_NO_COMMON_BLOCKS = YES;
				GCC_OPTIMIZATION_LEVEL = 0;
				GCC_PREPROCESSOR_DEFINITIONS = (
					"DEBUG=1",
					"$(inherited)",
				);
				GCC_WARN_64_TO_32_BIT_CONVERSION = YES;
				GCC_WARN_ABOUT_RETURN_TYPE = YES_ERROR;
				GCC_WARN_UNDECLARED_SELECTOR = YES;
				GCC_WARN_UNINITIALIZED_AUTOS = YES_AGGRESSIVE;
				GCC_WARN_UNUSED_FUNCTION = YES;
				GCC_WARN_UNUSED_VARIABLE = YES;
				IPHONEOS_DEPLOYMENT_TARGET = 12.0;
				MTL_ENABLE_DEBUG_INFO = INCLUDE_SOURCE;
				MTL_FAST_MATH = YES;
				ONLY_ACTIVE_ARCH = YES;
				SDKROOT = iphoneos;
				SWIFT_ACTIVE_COMPILATION_CONDITIONS = DEBUG;
				SWIFT_OPTIMIZATION_LEVEL = "-Onone";
			};
			name = Debug;
		};
		A2417A542176CE0100521FF3 /* Release */ = {
			isa = XCBuildConfiguration;
			buildSettings = {
				ALWAYS_SEARCH_USER_PATHS = NO;
				CLANG_ANALYZER_NONNULL = YES;
				CLANG_ANALYZER_NUMBER_OBJECT_CONVERSION = YES_AGGRESSIVE;
				CLANG_CXX_LANGUAGE_STANDARD = "gnu++14";
				CLANG_CXX_LIBRARY = "libc++";
				CLANG_ENABLE_MODULES = YES;
				CLANG_ENABLE_OBJC_ARC = YES;
				CLANG_ENABLE_OBJC_WEAK = YES;
				CLANG_WARN_BLOCK_CAPTURE_AUTORELEASING = YES;
				CLANG_WARN_BOOL_CONVERSION = YES;
				CLANG_WARN_COMMA = YES;
				CLANG_WARN_CONSTANT_CONVERSION = YES;
				CLANG_WARN_DEPRECATED_OBJC_IMPLEMENTATIONS = YES;
				CLANG_WARN_DIRECT_OBJC_ISA_USAGE = YES_ERROR;
				CLANG_WARN_DOCUMENTATION_COMMENTS = YES;
				CLANG_WARN_EMPTY_BODY = YES;
				CLANG_WARN_ENUM_CONVERSION = YES;
				CLANG_WARN_INFINITE_RECURSION = YES;
				CLANG_WARN_INT_CONVERSION = YES;
				CLANG_WARN_NON_LITERAL_NULL_CONVERSION = YES;
				CLANG_WARN_OBJC_IMPLICIT_RETAIN_SELF = YES;
				CLANG_WARN_OBJC_LITERAL_CONVERSION = YES;
				CLANG_WARN_OBJC_ROOT_CLASS = YES_ERROR;
				CLANG_WARN_RANGE_LOOP_ANALYSIS = YES;
				CLANG_WARN_STRICT_PROTOTYPES = YES;
				CLANG_WARN_SUSPICIOUS_MOVE = YES;
				CLANG_WARN_UNGUARDED_AVAILABILITY = YES_AGGRESSIVE;
				CLANG_WARN_UNREACHABLE_CODE = YES;
				CLANG_WARN__DUPLICATE_METHOD_MATCH = YES;
				CODE_SIGN_IDENTITY = "iPhone Developer";
				COPY_PHASE_STRIP = NO;
				DEBUG_INFORMATION_FORMAT = "dwarf-with-dsym";
				ENABLE_NS_ASSERTIONS = NO;
				ENABLE_STRICT_OBJC_MSGSEND = YES;
				GCC_C_LANGUAGE_STANDARD = gnu11;
				GCC_NO_COMMON_BLOCKS = YES;
				GCC_WARN_64_TO_32_BIT_CONVERSION = YES;
				GCC_WARN_ABOUT_RETURN_TYPE = YES_ERROR;
				GCC_WARN_UNDECLARED_SELECTOR = YES;
				GCC_WARN_UNINITIALIZED_AUTOS = YES_AGGRESSIVE;
				GCC_WARN_UNUSED_FUNCTION = YES;
				GCC_WARN_UNUSED_VARIABLE = YES;
				IPHONEOS_DEPLOYMENT_TARGET = 12.0;
				MTL_ENABLE_DEBUG_INFO = NO;
				MTL_FAST_MATH = YES;
				SDKROOT = iphoneos;
				SWIFT_COMPILATION_MODE = wholemodule;
				SWIFT_OPTIMIZATION_LEVEL = "-O";
				VALIDATE_PRODUCT = YES;
			};
			name = Release;
		};
		A2417A562176CE0100521FF3 /* Debug */ = {
			isa = XCBuildConfiguration;
			buildSettings = {
				ASSETCATALOG_COMPILER_APPICON_NAME = AppIcon;
				CODE_SIGN_STYLE = Automatic;
				DEVELOPMENT_TEAM = RB4MX7YU48;
				INFOPLIST_FILE = "Colors Navigation/Info.plist";
				LD_RUNPATH_SEARCH_PATHS = (
					"$(inherited)",
					"@executable_path/Frameworks",
				);
				PRODUCT_BUNDLE_IDENTIFIER = "online.techinnovator.Colors-Navigation";
				PRODUCT_NAME = "$(TARGET_NAME)";
				SWIFT_VERSION = 4.2;
				TARGETED_DEVICE_FAMILY = "1,2";
			};
			name = Debug;
		};
		A2417A572176CE0100521FF3 /* Release */ = {
			isa = XCBuildConfiguration;
			buildSettings = {
				ASSETCATALOG_COMPILER_APPICON_NAME = AppIcon;
				CODE_SIGN_STYLE = Automatic;
				DEVELOPMENT_TEAM = RB4MX7YU48;
				INFOPLIST_FILE = "Colors Navigation/Info.plist";
				LD_RUNPATH_SEARCH_PATHS = (
					"$(inherited)",
					"@executable_path/Frameworks",
				);
				PRODUCT_BUNDLE_IDENTIFIER = "online.techinnovator.Colors-Navigation";
				PRODUCT_NAME = "$(TARGET_NAME)";
				SWIFT_VERSION = 4.2;
				TARGETED_DEVICE_FAMILY = "1,2";
			};
			name = Release;
		};
/* End XCBuildConfiguration section */

/* Begin XCConfigurationList section */
		A2417A3E2176CDFF00521FF3 /* Build configuration list for PBXProject "Colors Navigation" */ = {
			isa = XCConfigurationList;
			buildConfigurations = (
				A2417A532176CE0100521FF3 /* Debug */,
				A2417A542176CE0100521FF3 /* Release */,
			);
			defaultConfigurationIsVisible = 0;
			defaultConfigurationName = Release;
		};
		A2417A552176CE0100521FF3 /* Build configuration list for PBXNativeTarget "Colors Navigation" */ = {
			isa = XCConfigurationList;
			buildConfigurations = (
				A2417A562176CE0100521FF3 /* Debug */,
				A2417A572176CE0100521FF3 /* Release */,
			);
			defaultConfigurationIsVisible = 0;
			defaultConfigurationName = Release;
		};
/* End XCConfigurationList section */
	};
	rootObject = A2417A3B2176CDFF00521FF3 /* Project object */;
}
